
Microsoft Visual Studio Solution File, Format Version 12.00
# Visual Studio Version 17
VisualStudioVersion = 17.10.34707.107
MinimumVisualStudioVersion = 10.0.40219.1
Project("{9A19103F-16F7-4668-BE54-9A1E7A4F7556}") = "Cute Video Editor", "Cute Video Editor\Cute Video Editor.csproj", "{104F4C2D-7D77-4A73-8A34-FF6370DDF3C7}"
EndProject
Project("{9A19103F-16F7-4668-BE54-9A1E7A4F7556}") = "Cute Video Editor.Core", "Cute Video Editor.Core\Cute Video Editor.Core.csproj", "{52DE5D38-7128-400A-9923-FCF1EAB1FB0C}"
EndProject
Project("{9A19103F-16F7-4668-BE54-9A1E7A4F7556}") = "FFmpegInteropX.DotNet", "FFmpegInteropX\Source\FFmpegInteropX.DotNet.csproj", "{B30655F0-CC77-44AB-909F-C4F06DC28214}"
EndProject
Project("{8BC9CEB8-8B4A-11D0-8D11-00A0C91BC942}") = "FFmpegInteropX", "FFmpegInteropX\Source\FFmpegInteropX.vcxproj", "{9CFA3B3E-B7AF-4629-84E2-C962C5B046B1}"
EndProject
Project("{D954291E-2A0B-460D-934E-DC6B0785DB48}") = "Cute Video Editor.SharedAVLib", "Cute Video Editor.SharedAVLib\Cute Video Editor.SharedAVLib.shproj", "{0041E6C0-CDD5-41E1-8C43-DC824216692F}"
EndProject
Project("{FAE04EC0-301F-11D3-BF4B-00C04F79EFBC}") = "Cute Video Editor.VmTests", "Cute Video Editor.VmTests\Cute Video Editor.VmTests.csproj", "{68C8CA17-859C-45B0-8B17-27F1161BA16C}"
EndProject
Global
	GlobalSection(SolutionConfigurationPlatforms) = preSolution
		Debug_WinUI|Any CPU = Debug_WinUI|Any CPU
		Debug_WinUI|ARM = Debug_WinUI|ARM
		Debug_WinUI|arm64 = Debug_WinUI|arm64
		Debug_WinUI|x64 = Debug_WinUI|x64
		Debug_WinUI|x86 = Debug_WinUI|x86
		Debug|Any CPU = Debug|Any CPU
		Debug|ARM = Debug|ARM
		Debug|arm64 = Debug|arm64
		Debug|x64 = Debug|x64
		Debug|x86 = Debug|x86
		Release_WinUI|Any CPU = Release_WinUI|Any CPU
		Release_WinUI|ARM = Release_WinUI|ARM
		Release_WinUI|arm64 = Release_WinUI|arm64
		Release_WinUI|x64 = Release_WinUI|x64
		Release_WinUI|x86 = Release_WinUI|x86
		Release|Any CPU = Release|Any CPU
		Release|ARM = Release|ARM
		Release|arm64 = Release|arm64
		Release|x64 = Release|x64
		Release|x86 = Release|x86
	EndGlobalSection
	GlobalSection(ProjectConfigurationPlatforms) = postSolution
		{104F4C2D-7D77-4A73-8A34-FF6370DDF3C7}.Debug_WinUI|Any CPU.ActiveCfg = Debug|x64
		{104F4C2D-7D77-4A73-8A34-FF6370DDF3C7}.Debug_WinUI|Any CPU.Build.0 = Debug|x64
		{104F4C2D-7D77-4A73-8A34-FF6370DDF3C7}.Debug_WinUI|ARM.ActiveCfg = Debug|x64
		{104F4C2D-7D77-4A73-8A34-FF6370DDF3C7}.Debug_WinUI|ARM.Build.0 = Debug|x64
		{104F4C2D-7D77-4A73-8A34-FF6370DDF3C7}.Debug_WinUI|arm64.ActiveCfg = Debug|arm64
		{104F4C2D-7D77-4A73-8A34-FF6370DDF3C7}.Debug_WinUI|arm64.Build.0 = Debug|arm64
		{104F4C2D-7D77-4A73-8A34-FF6370DDF3C7}.Debug_WinUI|x64.ActiveCfg = Debug|x64
		{104F4C2D-7D77-4A73-8A34-FF6370DDF3C7}.Debug_WinUI|x64.Build.0 = Debug|x64
		{104F4C2D-7D77-4A73-8A34-FF6370DDF3C7}.Debug_WinUI|x86.ActiveCfg = Debug|x86
		{104F4C2D-7D77-4A73-8A34-FF6370DDF3C7}.Debug_WinUI|x86.Build.0 = Debug|x86
		{104F4C2D-7D77-4A73-8A34-FF6370DDF3C7}.Debug|Any CPU.ActiveCfg = Debug|x64
		{104F4C2D-7D77-4A73-8A34-FF6370DDF3C7}.Debug|Any CPU.Build.0 = Debug|x64
		{104F4C2D-7D77-4A73-8A34-FF6370DDF3C7}.Debug|Any CPU.Deploy.0 = Debug|x64
		{104F4C2D-7D77-4A73-8A34-FF6370DDF3C7}.Debug|ARM.ActiveCfg = Debug|x64
		{104F4C2D-7D77-4A73-8A34-FF6370DDF3C7}.Debug|ARM.Build.0 = Debug|x64
		{104F4C2D-7D77-4A73-8A34-FF6370DDF3C7}.Debug|arm64.ActiveCfg = Debug|arm64
		{104F4C2D-7D77-4A73-8A34-FF6370DDF3C7}.Debug|arm64.Build.0 = Debug|arm64
		{104F4C2D-7D77-4A73-8A34-FF6370DDF3C7}.Debug|arm64.Deploy.0 = Debug|arm64
		{104F4C2D-7D77-4A73-8A34-FF6370DDF3C7}.Debug|x64.ActiveCfg = Debug|x64
		{104F4C2D-7D77-4A73-8A34-FF6370DDF3C7}.Debug|x64.Build.0 = Debug|x64
		{104F4C2D-7D77-4A73-8A34-FF6370DDF3C7}.Debug|x64.Deploy.0 = Debug|x64
		{104F4C2D-7D77-4A73-8A34-FF6370DDF3C7}.Debug|x86.ActiveCfg = Debug|x86
		{104F4C2D-7D77-4A73-8A34-FF6370DDF3C7}.Debug|x86.Build.0 = Debug|x86
		{104F4C2D-7D77-4A73-8A34-FF6370DDF3C7}.Debug|x86.Deploy.0 = Debug|x86
		{104F4C2D-7D77-4A73-8A34-FF6370DDF3C7}.Release_WinUI|Any CPU.ActiveCfg = Release|x64
		{104F4C2D-7D77-4A73-8A34-FF6370DDF3C7}.Release_WinUI|Any CPU.Build.0 = Release|x64
		{104F4C2D-7D77-4A73-8A34-FF6370DDF3C7}.Release_WinUI|ARM.ActiveCfg = Release|x64
		{104F4C2D-7D77-4A73-8A34-FF6370DDF3C7}.Release_WinUI|ARM.Build.0 = Release|x64
		{104F4C2D-7D77-4A73-8A34-FF6370DDF3C7}.Release_WinUI|arm64.ActiveCfg = Release|arm64
		{104F4C2D-7D77-4A73-8A34-FF6370DDF3C7}.Release_WinUI|arm64.Build.0 = Release|arm64
		{104F4C2D-7D77-4A73-8A34-FF6370DDF3C7}.Release_WinUI|x64.ActiveCfg = Release|x64
		{104F4C2D-7D77-4A73-8A34-FF6370DDF3C7}.Release_WinUI|x64.Build.0 = Release|x64
		{104F4C2D-7D77-4A73-8A34-FF6370DDF3C7}.Release_WinUI|x86.ActiveCfg = Release|x86
		{104F4C2D-7D77-4A73-8A34-FF6370DDF3C7}.Release_WinUI|x86.Build.0 = Release|x86
		{104F4C2D-7D77-4A73-8A34-FF6370DDF3C7}.Release|Any CPU.ActiveCfg = Release|x64
		{104F4C2D-7D77-4A73-8A34-FF6370DDF3C7}.Release|Any CPU.Build.0 = Release|x64
		{104F4C2D-7D77-4A73-8A34-FF6370DDF3C7}.Release|Any CPU.Deploy.0 = Release|x64
		{104F4C2D-7D77-4A73-8A34-FF6370DDF3C7}.Release|ARM.ActiveCfg = Release|x64
		{104F4C2D-7D77-4A73-8A34-FF6370DDF3C7}.Release|ARM.Build.0 = Release|x64
		{104F4C2D-7D77-4A73-8A34-FF6370DDF3C7}.Release|arm64.ActiveCfg = Release|arm64
		{104F4C2D-7D77-4A73-8A34-FF6370DDF3C7}.Release|arm64.Build.0 = Release|arm64
		{104F4C2D-7D77-4A73-8A34-FF6370DDF3C7}.Release|arm64.Deploy.0 = Release|arm64
		{104F4C2D-7D77-4A73-8A34-FF6370DDF3C7}.Release|x64.ActiveCfg = Release|x64
		{104F4C2D-7D77-4A73-8A34-FF6370DDF3C7}.Release|x64.Build.0 = Release|x64
		{104F4C2D-7D77-4A73-8A34-FF6370DDF3C7}.Release|x64.Deploy.0 = Release|x64
		{104F4C2D-7D77-4A73-8A34-FF6370DDF3C7}.Release|x86.ActiveCfg = Release|x86
		{104F4C2D-7D77-4A73-8A34-FF6370DDF3C7}.Release|x86.Build.0 = Release|x86
		{104F4C2D-7D77-4A73-8A34-FF6370DDF3C7}.Release|x86.Deploy.0 = Release|x86
		{52DE5D38-7128-400A-9923-FCF1EAB1FB0C}.Debug_WinUI|Any CPU.ActiveCfg = Debug|Any CPU
		{52DE5D38-7128-400A-9923-FCF1EAB1FB0C}.Debug_WinUI|Any CPU.Build.0 = Debug|Any CPU
		{52DE5D38-7128-400A-9923-FCF1EAB1FB0C}.Debug_WinUI|ARM.ActiveCfg = Debug|Any CPU
		{52DE5D38-7128-400A-9923-FCF1EAB1FB0C}.Debug_WinUI|ARM.Build.0 = Debug|Any CPU
		{52DE5D38-7128-400A-9923-FCF1EAB1FB0C}.Debug_WinUI|arm64.ActiveCfg = Debug|arm64
		{52DE5D38-7128-400A-9923-FCF1EAB1FB0C}.Debug_WinUI|arm64.Build.0 = Debug|arm64
		{52DE5D38-7128-400A-9923-FCF1EAB1FB0C}.Debug_WinUI|x64.ActiveCfg = Debug|x64
		{52DE5D38-7128-400A-9923-FCF1EAB1FB0C}.Debug_WinUI|x64.Build.0 = Debug|x64
		{52DE5D38-7128-400A-9923-FCF1EAB1FB0C}.Debug_WinUI|x86.ActiveCfg = Debug|x86
		{52DE5D38-7128-400A-9923-FCF1EAB1FB0C}.Debug_WinUI|x86.Build.0 = Debug|x86
		{52DE5D38-7128-400A-9923-FCF1EAB1FB0C}.Debug|Any CPU.ActiveCfg = Debug|Any CPU
		{52DE5D38-7128-400A-9923-FCF1EAB1FB0C}.Debug|Any CPU.Build.0 = Debug|Any CPU
		{52DE5D38-7128-400A-9923-FCF1EAB1FB0C}.Debug|ARM.ActiveCfg = Debug|Any CPU
		{52DE5D38-7128-400A-9923-FCF1EAB1FB0C}.Debug|ARM.Build.0 = Debug|Any CPU
		{52DE5D38-7128-400A-9923-FCF1EAB1FB0C}.Debug|arm64.ActiveCfg = Debug|arm64
		{52DE5D38-7128-400A-9923-FCF1EAB1FB0C}.Debug|arm64.Build.0 = Debug|arm64
		{52DE5D38-7128-400A-9923-FCF1EAB1FB0C}.Debug|x64.ActiveCfg = Debug|x64
		{52DE5D38-7128-400A-9923-FCF1EAB1FB0C}.Debug|x64.Build.0 = Debug|x64
		{52DE5D38-7128-400A-9923-FCF1EAB1FB0C}.Debug|x86.ActiveCfg = Debug|x86
		{52DE5D38-7128-400A-9923-FCF1EAB1FB0C}.Debug|x86.Build.0 = Debug|x86
		{52DE5D38-7128-400A-9923-FCF1EAB1FB0C}.Release_WinUI|Any CPU.ActiveCfg = Release|Any CPU
		{52DE5D38-7128-400A-9923-FCF1EAB1FB0C}.Release_WinUI|Any CPU.Build.0 = Release|Any CPU
		{52DE5D38-7128-400A-9923-FCF1EAB1FB0C}.Release_WinUI|ARM.ActiveCfg = Release|Any CPU
		{52DE5D38-7128-400A-9923-FCF1EAB1FB0C}.Release_WinUI|ARM.Build.0 = Release|Any CPU
		{52DE5D38-7128-400A-9923-FCF1EAB1FB0C}.Release_WinUI|arm64.ActiveCfg = Release|arm64
		{52DE5D38-7128-400A-9923-FCF1EAB1FB0C}.Release_WinUI|arm64.Build.0 = Release|arm64
		{52DE5D38-7128-400A-9923-FCF1EAB1FB0C}.Release_WinUI|x64.ActiveCfg = Release|x64
		{52DE5D38-7128-400A-9923-FCF1EAB1FB0C}.Release_WinUI|x64.Build.0 = Release|x64
		{52DE5D38-7128-400A-9923-FCF1EAB1FB0C}.Release_WinUI|x86.ActiveCfg = Release|x86
		{52DE5D38-7128-400A-9923-FCF1EAB1FB0C}.Release_WinUI|x86.Build.0 = Release|x86
		{52DE5D38-7128-400A-9923-FCF1EAB1FB0C}.Release|Any CPU.ActiveCfg = Release|Any CPU
		{52DE5D38-7128-400A-9923-FCF1EAB1FB0C}.Release|Any CPU.Build.0 = Release|Any CPU
		{52DE5D38-7128-400A-9923-FCF1EAB1FB0C}.Release|ARM.ActiveCfg = Release|Any CPU
		{52DE5D38-7128-400A-9923-FCF1EAB1FB0C}.Release|ARM.Build.0 = Release|Any CPU
		{52DE5D38-7128-400A-9923-FCF1EAB1FB0C}.Release|arm64.ActiveCfg = Release|arm64
		{52DE5D38-7128-400A-9923-FCF1EAB1FB0C}.Release|arm64.Build.0 = Release|arm64
		{52DE5D38-7128-400A-9923-FCF1EAB1FB0C}.Release|x64.ActiveCfg = Release|x64
		{52DE5D38-7128-400A-9923-FCF1EAB1FB0C}.Release|x64.Build.0 = Release|x64
		{52DE5D38-7128-400A-9923-FCF1EAB1FB0C}.Release|x86.ActiveCfg = Release|x86
		{52DE5D38-7128-400A-9923-FCF1EAB1FB0C}.Release|x86.Build.0 = Release|x86
		{B30655F0-CC77-44AB-909F-C4F06DC28214}.Debug_WinUI|Any CPU.ActiveCfg = Debug|Any CPU
		{B30655F0-CC77-44AB-909F-C4F06DC28214}.Debug_WinUI|Any CPU.Build.0 = Debug|Any CPU
		{B30655F0-CC77-44AB-909F-C4F06DC28214}.Debug_WinUI|ARM.ActiveCfg = Debug|Any CPU
		{B30655F0-CC77-44AB-909F-C4F06DC28214}.Debug_WinUI|ARM.Build.0 = Debug|Any CPU
		{B30655F0-CC77-44AB-909F-C4F06DC28214}.Debug_WinUI|arm64.ActiveCfg = Debug|Any CPU
		{B30655F0-CC77-44AB-909F-C4F06DC28214}.Debug_WinUI|arm64.Build.0 = Debug|Any CPU
		{B30655F0-CC77-44AB-909F-C4F06DC28214}.Debug_WinUI|x64.ActiveCfg = Debug|Any CPU
		{B30655F0-CC77-44AB-909F-C4F06DC28214}.Debug_WinUI|x64.Build.0 = Debug|Any CPU
		{B30655F0-CC77-44AB-909F-C4F06DC28214}.Debug_WinUI|x86.ActiveCfg = Debug|Any CPU
		{B30655F0-CC77-44AB-909F-C4F06DC28214}.Debug_WinUI|x86.Build.0 = Debug|Any CPU
		{B30655F0-CC77-44AB-909F-C4F06DC28214}.Debug|Any CPU.ActiveCfg = Debug|Any CPU
		{B30655F0-CC77-44AB-909F-C4F06DC28214}.Debug|Any CPU.Build.0 = Debug|Any CPU
		{B30655F0-CC77-44AB-909F-C4F06DC28214}.Debug|ARM.ActiveCfg = Debug|Any CPU
		{B30655F0-CC77-44AB-909F-C4F06DC28214}.Debug|ARM.Build.0 = Debug|Any CPU
		{B30655F0-CC77-44AB-909F-C4F06DC28214}.Debug|arm64.ActiveCfg = Debug|Any CPU
		{B30655F0-CC77-44AB-909F-C4F06DC28214}.Debug|arm64.Build.0 = Debug|Any CPU
		{B30655F0-CC77-44AB-909F-C4F06DC28214}.Debug|x64.ActiveCfg = Debug|Any CPU
		{B30655F0-CC77-44AB-909F-C4F06DC28214}.Debug|x64.Build.0 = Debug|Any CPU
		{B30655F0-CC77-44AB-909F-C4F06DC28214}.Debug|x86.ActiveCfg = Debug|Any CPU
		{B30655F0-CC77-44AB-909F-C4F06DC28214}.Debug|x86.Build.0 = Debug|Any CPU
		{B30655F0-CC77-44AB-909F-C4F06DC28214}.Release_WinUI|Any CPU.ActiveCfg = Release|Any CPU
		{B30655F0-CC77-44AB-909F-C4F06DC28214}.Release_WinUI|Any CPU.Build.0 = Release|Any CPU
		{B30655F0-CC77-44AB-909F-C4F06DC28214}.Release_WinUI|ARM.ActiveCfg = Release|Any CPU
		{B30655F0-CC77-44AB-909F-C4F06DC28214}.Release_WinUI|ARM.Build.0 = Release|Any CPU
		{B30655F0-CC77-44AB-909F-C4F06DC28214}.Release_WinUI|arm64.ActiveCfg = Release|Any CPU
		{B30655F0-CC77-44AB-909F-C4F06DC28214}.Release_WinUI|arm64.Build.0 = Release|Any CPU
		{B30655F0-CC77-44AB-909F-C4F06DC28214}.Release_WinUI|x64.ActiveCfg = Release|Any CPU
		{B30655F0-CC77-44AB-909F-C4F06DC28214}.Release_WinUI|x64.Build.0 = Release|Any CPU
		{B30655F0-CC77-44AB-909F-C4F06DC28214}.Release_WinUI|x86.ActiveCfg = Release|Any CPU
		{B30655F0-CC77-44AB-909F-C4F06DC28214}.Release_WinUI|x86.Build.0 = Release|Any CPU
		{B30655F0-CC77-44AB-909F-C4F06DC28214}.Release|Any CPU.ActiveCfg = Release|Any CPU
		{B30655F0-CC77-44AB-909F-C4F06DC28214}.Release|Any CPU.Build.0 = Release|Any CPU
		{B30655F0-CC77-44AB-909F-C4F06DC28214}.Release|ARM.ActiveCfg = Release|Any CPU
		{B30655F0-CC77-44AB-909F-C4F06DC28214}.Release|ARM.Build.0 = Release|Any CPU
		{B30655F0-CC77-44AB-909F-C4F06DC28214}.Release|arm64.ActiveCfg = Release|Any CPU
		{B30655F0-CC77-44AB-909F-C4F06DC28214}.Release|arm64.Build.0 = Release|Any CPU
		{B30655F0-CC77-44AB-909F-C4F06DC28214}.Release|x64.ActiveCfg = Release|Any CPU
		{B30655F0-CC77-44AB-909F-C4F06DC28214}.Release|x64.Build.0 = Release|Any CPU
		{B30655F0-CC77-44AB-909F-C4F06DC28214}.Release|x86.ActiveCfg = Release|Any CPU
		{B30655F0-CC77-44AB-909F-C4F06DC28214}.Release|x86.Build.0 = Release|Any CPU
		{9CFA3B3E-B7AF-4629-84E2-C962C5B046B1}.Debug_WinUI|Any CPU.ActiveCfg = Debug_WinUI|x64
		{9CFA3B3E-B7AF-4629-84E2-C962C5B046B1}.Debug_WinUI|Any CPU.Build.0 = Debug_WinUI|x64
		{9CFA3B3E-B7AF-4629-84E2-C962C5B046B1}.Debug_WinUI|ARM.ActiveCfg = Debug_WinUI|ARM
		{9CFA3B3E-B7AF-4629-84E2-C962C5B046B1}.Debug_WinUI|ARM.Build.0 = Debug_WinUI|ARM
		{9CFA3B3E-B7AF-4629-84E2-C962C5B046B1}.Debug_WinUI|arm64.ActiveCfg = Debug_WinUI|ARM64
		{9CFA3B3E-B7AF-4629-84E2-C962C5B046B1}.Debug_WinUI|arm64.Build.0 = Debug_WinUI|ARM64
		{9CFA3B3E-B7AF-4629-84E2-C962C5B046B1}.Debug_WinUI|x64.ActiveCfg = Debug_WinUI|x64
		{9CFA3B3E-B7AF-4629-84E2-C962C5B046B1}.Debug_WinUI|x64.Build.0 = Debug_WinUI|x64
		{9CFA3B3E-B7AF-4629-84E2-C962C5B046B1}.Debug_WinUI|x86.ActiveCfg = Debug_WinUI|Win32
		{9CFA3B3E-B7AF-4629-84E2-C962C5B046B1}.Debug_WinUI|x86.Build.0 = Debug_WinUI|Win32
		{9CFA3B3E-B7AF-4629-84E2-C962C5B046B1}.Debug|Any CPU.ActiveCfg = Debug|x64
		{9CFA3B3E-B7AF-4629-84E2-C962C5B046B1}.Debug|Any CPU.Build.0 = Debug|x64
		{9CFA3B3E-B7AF-4629-84E2-C962C5B046B1}.Debug|ARM.ActiveCfg = Debug|ARM
		{9CFA3B3E-B7AF-4629-84E2-C962C5B046B1}.Debug|ARM.Build.0 = Debug|ARM
		{9CFA3B3E-B7AF-4629-84E2-C962C5B046B1}.Debug|arm64.ActiveCfg = Debug|ARM64
		{9CFA3B3E-B7AF-4629-84E2-C962C5B046B1}.Debug|arm64.Build.0 = Debug|ARM64
		{9CFA3B3E-B7AF-4629-84E2-C962C5B046B1}.Debug|x64.ActiveCfg = Debug|x64
		{9CFA3B3E-B7AF-4629-84E2-C962C5B046B1}.Debug|x64.Build.0 = Debug|x64
		{9CFA3B3E-B7AF-4629-84E2-C962C5B046B1}.Debug|x86.ActiveCfg = Debug|Win32
		{9CFA3B3E-B7AF-4629-84E2-C962C5B046B1}.Debug|x86.Build.0 = Debug|Win32
		{9CFA3B3E-B7AF-4629-84E2-C962C5B046B1}.Release_WinUI|Any CPU.ActiveCfg = Release_WinUI|x64
		{9CFA3B3E-B7AF-4629-84E2-C962C5B046B1}.Release_WinUI|Any CPU.Build.0 = Release_WinUI|x64
		{9CFA3B3E-B7AF-4629-84E2-C962C5B046B1}.Release_WinUI|ARM.ActiveCfg = Release_WinUI|ARM
		{9CFA3B3E-B7AF-4629-84E2-C962C5B046B1}.Release_WinUI|ARM.Build.0 = Release_WinUI|ARM
		{9CFA3B3E-B7AF-4629-84E2-C962C5B046B1}.Release_WinUI|arm64.ActiveCfg = Release_WinUI|ARM64
		{9CFA3B3E-B7AF-4629-84E2-C962C5B046B1}.Release_WinUI|arm64.Build.0 = Release_WinUI|ARM64
		{9CFA3B3E-B7AF-4629-84E2-C962C5B046B1}.Release_WinUI|x64.ActiveCfg = Release_WinUI|x64
		{9CFA3B3E-B7AF-4629-84E2-C962C5B046B1}.Release_WinUI|x64.Build.0 = Release_WinUI|x64
		{9CFA3B3E-B7AF-4629-84E2-C962C5B046B1}.Release_WinUI|x86.ActiveCfg = Release_WinUI|Win32
		{9CFA3B3E-B7AF-4629-84E2-C962C5B046B1}.Release_WinUI|x86.Build.0 = Release_WinUI|Win32
		{9CFA3B3E-B7AF-4629-84E2-C962C5B046B1}.Release|Any CPU.ActiveCfg = Release|x64
		{9CFA3B3E-B7AF-4629-84E2-C962C5B046B1}.Release|Any CPU.Build.0 = Release|x64
		{9CFA3B3E-B7AF-4629-84E2-C962C5B046B1}.Release|ARM.ActiveCfg = Release|ARM
		{9CFA3B3E-B7AF-4629-84E2-C962C5B046B1}.Release|ARM.Build.0 = Release|ARM
		{9CFA3B3E-B7AF-4629-84E2-C962C5B046B1}.Release|arm64.ActiveCfg = Release|ARM64
		{9CFA3B3E-B7AF-4629-84E2-C962C5B046B1}.Release|arm64.Build.0 = Release|ARM64
		{9CFA3B3E-B7AF-4629-84E2-C962C5B046B1}.Release|x64.ActiveCfg = Release|x64
		{9CFA3B3E-B7AF-4629-84E2-C962C5B046B1}.Release|x64.Build.0 = Release|x64
		{9CFA3B3E-B7AF-4629-84E2-C962C5B046B1}.Release|x86.ActiveCfg = Release|Win32
		{9CFA3B3E-B7AF-4629-84E2-C962C5B046B1}.Release|x86.Build.0 = Release|Win32
		{68C8CA17-859C-45B0-8B17-27F1161BA16C}.Debug_WinUI|Any CPU.ActiveCfg = Debug|Any CPU
		{68C8CA17-859C-45B0-8B17-27F1161BA16C}.Debug_WinUI|Any CPU.Build.0 = Debug|Any CPU
		{68C8CA17-859C-45B0-8B17-27F1161BA16C}.Debug_WinUI|ARM.ActiveCfg = Debug|Any CPU
		{68C8CA17-859C-45B0-8B17-27F1161BA16C}.Debug_WinUI|ARM.Build.0 = Debug|Any CPU
		{68C8CA17-859C-45B0-8B17-27F1161BA16C}.Debug_WinUI|arm64.ActiveCfg = Debug|Any CPU
		{68C8CA17-859C-45B0-8B17-27F1161BA16C}.Debug_WinUI|arm64.Build.0 = Debug|Any CPU
		{68C8CA17-859C-45B0-8B17-27F1161BA16C}.Debug_WinUI|x64.ActiveCfg = Debug|x64
		{68C8CA17-859C-45B0-8B17-27F1161BA16C}.Debug_WinUI|x64.Build.0 = Debug|x64
		{68C8CA17-859C-45B0-8B17-27F1161BA16C}.Debug_WinUI|x86.ActiveCfg = Debug|Any CPU
		{68C8CA17-859C-45B0-8B17-27F1161BA16C}.Debug_WinUI|x86.Build.0 = Debug|Any CPU
		{68C8CA17-859C-45B0-8B17-27F1161BA16C}.Debug|Any CPU.ActiveCfg = Debug|Any CPU
		{68C8CA17-859C-45B0-8B17-27F1161BA16C}.Debug|Any CPU.Build.0 = Debug|Any CPU
		{68C8CA17-859C-45B0-8B17-27F1161BA16C}.Debug|ARM.ActiveCfg = Debug|Any CPU
		{68C8CA17-859C-45B0-8B17-27F1161BA16C}.Debug|ARM.Build.0 = Debug|Any CPU
		{68C8CA17-859C-45B0-8B17-27F1161BA16C}.Debug|arm64.ActiveCfg = Debug|Any CPU
		{68C8CA17-859C-45B0-8B17-27F1161BA16C}.Debug|arm64.Build.0 = Debug|Any CPU
		{68C8CA17-859C-45B0-8B17-27F1161BA16C}.Debug|x64.ActiveCfg = Debug|Any CPU
		{68C8CA17-859C-45B0-8B17-27F1161BA16C}.Debug|x64.Build.0 = Debug|Any CPU
		{68C8CA17-859C-45B0-8B17-27F1161BA16C}.Debug|x86.ActiveCfg = Debug|Any CPU
		{68C8CA17-859C-45B0-8B17-27F1161BA16C}.Debug|x86.Build.0 = Debug|Any CPU
		{68C8CA17-859C-45B0-8B17-27F1161BA16C}.Release_WinUI|Any CPU.ActiveCfg = Release|Any CPU
		{68C8CA17-859C-45B0-8B17-27F1161BA16C}.Release_WinUI|Any CPU.Build.0 = Release|Any CPU
		{68C8CA17-859C-45B0-8B17-27F1161BA16C}.Release_WinUI|ARM.ActiveCfg = Release|Any CPU
		{68C8CA17-859C-45B0-8B17-27F1161BA16C}.Release_WinUI|ARM.Build.0 = Release|Any CPU
		{68C8CA17-859C-45B0-8B17-27F1161BA16C}.Release_WinUI|arm64.ActiveCfg = Release|Any CPU
		{68C8CA17-859C-45B0-8B17-27F1161BA16C}.Release_WinUI|arm64.Build.0 = Release|Any CPU
		{68C8CA17-859C-45B0-8B17-27F1161BA16C}.Release_WinUI|x64.ActiveCfg = Release|Any CPU
		{68C8CA17-859C-45B0-8B17-27F1161BA16C}.Release_WinUI|x64.Build.0 = Release|Any CPU
		{68C8CA17-859C-45B0-8B17-27F1161BA16C}.Release_WinUI|x86.ActiveCfg = Release|Any CPU
		{68C8CA17-859C-45B0-8B17-27F1161BA16C}.Release_WinUI|x86.Build.0 = Release|Any CPU
		{68C8CA17-859C-45B0-8B17-27F1161BA16C}.Release|Any CPU.ActiveCfg = Release|Any CPU
		{68C8CA17-859C-45B0-8B17-27F1161BA16C}.Release|Any CPU.Build.0 = Release|Any CPU
		{68C8CA17-859C-45B0-8B17-27F1161BA16C}.Release|ARM.ActiveCfg = Release|Any CPU
		{68C8CA17-859C-45B0-8B17-27F1161BA16C}.Release|ARM.Build.0 = Release|Any CPU
		{68C8CA17-859C-45B0-8B17-27F1161BA16C}.Release|arm64.ActiveCfg = Release|Any CPU
		{68C8CA17-859C-45B0-8B17-27F1161BA16C}.Release|arm64.Build.0 = Release|Any CPU
		{68C8CA17-859C-45B0-8B17-27F1161BA16C}.Release|x64.ActiveCfg = Release|Any CPU
		{68C8CA17-859C-45B0-8B17-27F1161BA16C}.Release|x64.Build.0 = Release|Any CPU
		{68C8CA17-859C-45B0-8B17-27F1161BA16C}.Release|x86.ActiveCfg = Release|Any CPU
		{68C8CA17-859C-45B0-8B17-27F1161BA16C}.Release|x86.Build.0 = Release|Any CPU
	EndGlobalSection
	GlobalSection(SolutionProperties) = preSolution
		HideSolutionNode = FALSE
	EndGlobalSection
	GlobalSection(ExtensibilityGlobals) = postSolution
		SolutionGuid = {D86ABB6C-1D5B-47EC-9BAD-F265902FB4BD}
	EndGlobalSection
	GlobalSection(SharedMSBuildProjectFiles) = preSolution
		Cute Video Editor.SharedAVLib\Cute Video Editor.SharedAVLib.projitems*{0041e6c0-cdd5-41e1-8c43-dc824216692f}*SharedItemsImports = 13
		Cute Video Editor.SharedAVLib\Cute Video Editor.SharedAVLib.projitems*{104f4c2d-7d77-4a73-8a34-ff6370ddf3c7}*SharedItemsImports = 5
	EndGlobalSection
EndGlobal
